{
  "name": "fixture-app",
  "version": "1.0.0",
  "lockfileVersion": 3,
  "requires": true,
  "packages": {
    "": {
      "name": "fixture-app",
      "version": "1.0.0",
      "dependencies": {
        "cached-lib": "^2.0.0"
      }
    },
    "node_modules/cached-lib": {
      "version": "2.0.0",
      "resolved": "https://registry.npmjs.org/cached-lib/-/cached-lib-2.0.0.tgz"
    }
  }
}
