{
  "name": "fixture-app",
  "version": "1.0.0",
  "lockfileVersion": 3,
  "requires": true,
  "packages": {
    "": {
      "name": "fixture-app",
      "version": "1.0.0",
      "dependencies": {
        "flaky-lib": "^1.0.0"
      }
    },
    "node_modules/flaky-lib": {
      "version": "1.0.0",
      "resolved": "https://registry.npmjs.org/flaky-lib/-/flaky-lib-1.0.0.tgz"
    }
  }
}
