{
  "name": "fixture-app",
  "version": "1.0.0",
  "lockfileVersion": 3,
  "requires": true,
  "packages": {
    "": {
      "name": "fixture-app",
      "version": "1.0.0",
      "dependencies": {
        "evil-pkg": "^1.4.2"
      }
    },
    "node_modules/evil-pkg": {
      "version": "1.4.2",
      "resolved": "https://registry.npmjs.org/evil-pkg/-/evil-pkg-1.4.2.tgz"
    }
  }
}
