{
  "name": "fixture-app",
  "version": "1.0.0",
  "lockfileVersion": 3,
  "requires": true,
  "packages": {
    "": {
      "name": "fixture-app",
      "version": "1.0.0",
      "dependencies": {
        "@our-org/secure-lib": "^1.2.3"
      }
    },
    "node_modules/@our-org/secure-lib": {
      "name": "@our-org/secure-lib",
      "version": "1.2.3",
      "resolved": "https://registry.npmjs.org/@our-org/secure-lib/-/secure-lib-1.2.3.tgz"
    }
  }
}
