{
  "name": "fixture-app",
  "version": "1.0.0",
  "lockfileVersion": 3,
  "requires": true,
  "packages": {
    "": {
      "name": "fixture-app",
      "version": "1.0.0",
      "dependencies": {
        "fresh-lib": "^0.2.0"
      }
    },
    "node_modules/fresh-lib": {
      "version": "0.2.0",
      "resolved": "https://registry.npmjs.org/fresh-lib/-/fresh-lib-0.2.0.tgz"
    }
  }
}
